# THIS IS AN AUTOGENERATED FILE. DO NOT EDIT THIS FILE DIRECTLY.
# yarn lockfile v1


"@angular/animations@4.2.4":
  version "4.2.4"
  resolved "https://registry.yarnpkg.com/@angular/animations/-/animations-4.2.4.tgz#552d361fff163c56d0dfda4f963a16bfe4e44e98"
  dependencies:
    tslib "^1.7.1"

"@angular/common@4.2.4":
  version "4.2.4"
  resolved "https://registry.yarnpkg.com/@angular/common/-/common-4.2.4.tgz#9b7ee0e692ab03191a7cd9af331d0f492d3cefeb"
  dependencies:
    tslib "^1.7.1"

"@angular/core@4.2.4":
  version "4.2.4"
  resolved "https://registry.yarnpkg.com/@angular/core/-/core-4.2.4.tgz#e8df7a8dd5de5a327784dfc35b5da6344281cf1b"
  dependencies:
    tslib "^1.7.1"

"@angular/http@4.2.4":
  version "4.2.4"
  resolved "https://registry.yarnpkg.com/@angular/http/-/http-4.2.4.tgz#ed039c0d53a587d24575f4cabfd1db8e7f1e3f8b"
  dependencies:
    tslib "^1.7.1"

"@angular/platform-browser@4.2.4":
  version "4.2.4"
  resolved "https://registry.yarnpkg.com/@angular/platform-browser/-/platform-browser-4.2.4.tgz#00a44dcb2fd777b54bc17c1ce734aa18fe9fd039"
  dependencies:
    tslib "^1.7.1"

"@angular/platform-server@4.2.4":
  version "4.2.4"
  resolved "https://registry.yarnpkg.com/@angular/platform-server/-/platform-server-4.2.4.tgz#acfd9c620b1d64c3da9f0c6192d6ccd59620d0d6"
  dependencies:
    parse5 "^3.0.1"
    tslib "^1.7.1"
    xhr2 "^0.1.4"

"@types/clean-css@*":
  version "3.4.30"
  resolved "https://registry.yarnpkg.com/@types/clean-css/-/clean-css-3.4.30.tgz#0052c136f5248002428e3638b37de4a39818641d"

"@types/html-minifier@1.1.30":
  version "1.1.30"
  resolved "https://registry.yarnpkg.com/@types/html-minifier/-/html-minifier-1.1.30.tgz#3b3817c27df23922f7b5aa87eff45b3ab934aec9"
  dependencies:
    "@types/clean-css" "*"
    "@types/relateurl" "*"
    "@types/uglify-js" "*"

"@types/js-yaml@3.5.31":
  version "3.5.31"
  resolved "https://registry.yarnpkg.com/@types/js-yaml/-/js-yaml-3.5.31.tgz#54aeb8bcaaf94a7b1a64311bc318dbfe601a593a"

"@types/node@8.0.1":
  version "8.0.1"
  resolved "https://registry.yarnpkg.com/@types/node/-/node-8.0.1.tgz#89c271e0c3b9ebb6a3756dd601336970b6228b77"

"@types/node@^6.0.46":
  version "6.0.78"
  resolved "https://registry.yarnpkg.com/@types/node/-/node-6.0.78.tgz#5d4a3f579c1524e01ee21bf474e6fba09198f470"

"@types/relateurl@*":
  version "0.2.28"
  resolved "https://registry.yarnpkg.com/@types/relateurl/-/relateurl-0.2.28.tgz#6bda7db8653fa62643f5ee69e9f69c11a392e3a6"

"@types/rimraf@0.0.28":
  version "0.0.28"
  resolved "https://registry.yarnpkg.com/@types/rimraf/-/rimraf-0.0.28.tgz#5562519bc7963caca8abf7f128cae3b594d41d06"

"@types/source-map@*":
  version "0.5.0"
  resolved "https://registry.yarnpkg.com/@types/source-map/-/source-map-0.5.0.tgz#dd34bbd8e32fe4e74f2e3d8ac07f8aa5b45a47ac"

"@types/uglify-js@*":
  version "2.6.29"
  resolved "https://registry.yarnpkg.com/@types/uglify-js/-/uglify-js-2.6.29.tgz#521347f69e20201d218f5991ae66e10878afcf1a"
  dependencies:
    "@types/source-map" "*"

ansi-align@^2.0.0:
  version "2.0.0"
  resolved "https://registry.yarnpkg.com/ansi-align/-/ansi-align-2.0.0.tgz#c36aeccba563b89ceb556f3690f0b1d9e3547f7f"
  dependencies:
    string-width "^2.0.0"

ansi-regex@^2.0.0:
  version "2.1.1"
  resolved "https://registry.yarnpkg.com/ansi-regex/-/ansi-regex-2.1.1.tgz#c3b33ab5ee360d86e0e628f0468ae7ef27d654df"

ansi-styles@^2.2.1:
  version "2.2.1"
  resolved "https://registry.yarnpkg.com/ansi-styles/-/ansi-styles-2.2.1.tgz#b432dd3358b634cf75e1e4664368240533c1ddbe"

argparse@^1.0.7:
  version "1.0.9"
  resolved "https://registry.yarnpkg.com/argparse/-/argparse-1.0.9.tgz#73d83bc263f86e97f8cc4f6bae1b0e90a7d22c86"
  dependencies:
    sprintf-js "~1.0.2"

arrify@^1.0.0:
  version "1.0.1"
  resolved "https://registry.yarnpkg.com/arrify/-/arrify-1.0.1.tgz#898508da2226f380df904728456849c1501a4b0d"

babel-code-frame@^6.20.0:
  version "6.22.0"
  resolved "https://registry.yarnpkg.com/babel-code-frame/-/babel-code-frame-6.22.0.tgz#027620bee567a88c32561574e7fd0801d33118e4"
  dependencies:
    chalk "^1.1.0"
    esutils "^2.0.2"
    js-tokens "^3.0.0"

balanced-match@^1.0.0:
  version "1.0.0"
  resolved "https://registry.yarnpkg.com/balanced-match/-/balanced-match-1.0.0.tgz#89b4d199ab2bee49de164ea02b89ce462d71b767"

boxen@^1.0.0:
  version "1.1.0"
  resolved "https://registry.yarnpkg.com/boxen/-/boxen-1.1.0.tgz#b1b69dd522305e807a99deee777dbd6e5167b102"
  dependencies:
    ansi-align "^2.0.0"
    camelcase "^4.0.0"
    chalk "^1.1.1"
    cli-boxes "^1.0.0"
    string-width "^2.0.0"
    term-size "^0.1.0"
    widest-line "^1.0.0"

brace-expansion@^1.1.7:
  version "1.1.8"
  resolved "https://registry.yarnpkg.com/brace-expansion/-/brace-expansion-1.1.8.tgz#c07b211c7c952ec1f8efd51a77ef0d1d3990a292"
  dependencies:
    balanced-match "^1.0.0"
    concat-map "0.0.1"

camel-case@3.0.x:
  version "3.0.0"
  resolved "https://registry.yarnpkg.com/camel-case/-/camel-case-3.0.0.tgz#ca3c3688a4e9cf3a4cda777dc4dcbc713249cf73"
  dependencies:
    no-case "^2.2.0"
    upper-case "^1.1.1"

camelcase@^4.0.0:
  version "4.1.0"
  resolved "https://registry.yarnpkg.com/camelcase/-/camelcase-4.1.0.tgz#d545635be1e33c542649c69173e5de6acfae34dd"

capture-stack-trace@^1.0.0:
  version "1.0.0"
  resolved "https://registry.yarnpkg.com/capture-stack-trace/-/capture-stack-trace-1.0.0.tgz#4a6fa07399c26bba47f0b2496b4d0fb408c5550d"

chalk@^1.0.0, chalk@^1.1.0, chalk@^1.1.1:
  version "1.1.3"
  resolved "https://registry.yarnpkg.com/chalk/-/chalk-1.1.3.tgz#a8115c55e4a702fe4d150abd3872822a7e09fc98"
  dependencies:
    ansi-styles "^2.2.1"
    escape-string-regexp "^1.0.2"
    has-ansi "^2.0.0"
    strip-ansi "^3.0.0"
    supports-color "^2.0.0"

clean-css@4.1.x:
  version "4.1.4"
  resolved "https://registry.yarnpkg.com/clean-css/-/clean-css-4.1.4.tgz#eec8811db27457e0078d8ca921fa81b72fa82bf4"
  dependencies:
    source-map "0.5.x"

cli-boxes@^1.0.0:
  version "1.0.0"
  resolved "https://registry.yarnpkg.com/cli-boxes/-/cli-boxes-1.0.0.tgz#4fa917c3e59c94a004cd61f8ee509da651687143"

code-point-at@^1.0.0:
  version "1.1.0"
  resolved "https://registry.yarnpkg.com/code-point-at/-/code-point-at-1.1.0.tgz#0d070b4d043a5bea33a2f1a40e2edb3d9a4ccf77"

colors@^1.1.2:
  version "1.1.2"
  resolved "https://registry.yarnpkg.com/colors/-/colors-1.1.2.tgz#168a4701756b6a7f51a12ce0c97bfa28c084ed63"

commander@2.9.x, commander@~2.9.0:
  version "2.9.0"
  resolved "https://registry.yarnpkg.com/commander/-/commander-2.9.0.tgz#9c99094176e12240cb22d6c5146098400fe0f7d4"
  dependencies:
    graceful-readlink ">= 1.0.0"

concat-map@0.0.1:
  version "0.0.1"
  resolved "https://registry.yarnpkg.com/concat-map/-/concat-map-0.0.1.tgz#d8a96bd77fd68df7793a73036a3ba0d5405d477b"

configstore@^3.0.0:
  version "3.1.0"
  resolved "https://registry.yarnpkg.com/configstore/-/configstore-3.1.0.tgz#45df907073e26dfa1cf4b2d52f5b60545eaa11d1"
  dependencies:
    dot-prop "^4.1.0"
    graceful-fs "^4.1.2"
    make-dir "^1.0.0"
    unique-string "^1.0.0"
    write-file-atomic "^2.0.0"
    xdg-basedir "^3.0.0"

create-error-class@^3.0.0:
  version "3.0.2"
  resolved "https://registry.yarnpkg.com/create-error-class/-/create-error-class-3.0.2.tgz#06be7abef947a3f14a30fd610671d401bca8b7b6"
  dependencies:
    capture-stack-trace "^1.0.0"

cross-spawn-async@^2.1.1:
  version "2.2.5"
  resolved "https://registry.yarnpkg.com/cross-spawn-async/-/cross-spawn-async-2.2.5.tgz#845ff0c0834a3ded9d160daca6d390906bb288cc"
  dependencies:
    lru-cache "^4.0.0"
    which "^1.2.8"

crypto-random-string@^1.0.0:
  version "1.0.0"
  resolved "https://registry.yarnpkg.com/crypto-random-string/-/crypto-random-string-1.0.0.tgz#a230f64f568310e1498009940790ec99545bca7e"

deep-extend@~0.4.0:
  version "0.4.2"
  resolved "https://registry.yarnpkg.com/deep-extend/-/deep-extend-0.4.2.tgz#48b699c27e334bf89f10892be432f6e4c7d34a7f"

diff@^3.0.1, diff@^3.1.0:
  version "3.2.0"
  resolved "https://registry.yarnpkg.com/diff/-/diff-3.2.0.tgz#c9ce393a4b7cbd0b058a725c93df299027868ff9"

dot-prop@^4.1.0:
  version "4.1.1"
  resolved "https://registry.yarnpkg.com/dot-prop/-/dot-prop-4.1.1.tgz#a8493f0b7b5eeec82525b5c7587fa7de7ca859c1"
  dependencies:
    is-obj "^1.0.0"

duplexer3@^0.1.4:
  version "0.1.4"
  resolved "https://registry.yarnpkg.com/duplexer3/-/duplexer3-0.1.4.tgz#ee01dd1cac0ed3cbc7fdbea37dc0a8f1ce002ce2"

escape-string-regexp@^1.0.2:
  version "1.0.5"
  resolved "https://registry.yarnpkg.com/escape-string-regexp/-/escape-string-regexp-1.0.5.tgz#1b61c0562190a8dff6ae3bb2cf0200ca130b86d4"

esprima@^3.1.1:
  version "3.1.3"
  resolved "https://registry.yarnpkg.com/esprima/-/esprima-3.1.3.tgz#fdca51cee6133895e3c88d535ce49dbff62a4633"

esutils@^2.0.2:
  version "2.0.2"
  resolved "https://registry.yarnpkg.com/esutils/-/esutils-2.0.2.tgz#0abf4f1caa5bcb1f7a9d8acc6dea4faaa04bac9b"

execa@^0.4.0:
  version "0.4.0"
  resolved "https://registry.yarnpkg.com/execa/-/execa-0.4.0.tgz#4eb6467a36a095fabb2970ff9d5e3fb7bce6ebc3"
  dependencies:
    cross-spawn-async "^2.1.1"
    is-stream "^1.1.0"
    npm-run-path "^1.0.0"
    object-assign "^4.0.1"
    path-key "^1.0.0"
    strip-eof "^1.0.0"

findup-sync@~0.3.0:
  version "0.3.0"
  resolved "https://registry.yarnpkg.com/findup-sync/-/findup-sync-0.3.0.tgz#37930aa5d816b777c03445e1966cc6790a4c0b16"
  dependencies:
    glob "~5.0.0"

fs.realpath@^1.0.0:
  version "1.0.0"
  resolved "https://registry.yarnpkg.com/fs.realpath/-/fs.realpath-1.0.0.tgz#1504ad2523158caa40db4a2787cb01411994ea4f"

get-stream@^3.0.0:
  version "3.0.0"
  resolved "https://registry.yarnpkg.com/get-stream/-/get-stream-3.0.0.tgz#8e943d1358dc37555054ecbe2edb05aa174ede14"

glob@^7.0.5, glob@^7.1.1:
  version "7.1.2"
  resolved "https://registry.yarnpkg.com/glob/-/glob-7.1.2.tgz#c19c9df9a028702d678612384a6552404c636d15"
  dependencies:
    fs.realpath "^1.0.0"
    inflight "^1.0.4"
    inherits "2"
    minimatch "^3.0.4"
    once "^1.3.0"
    path-is-absolute "^1.0.0"

glob@~5.0.0:
  version "5.0.15"
  resolved "https://registry.yarnpkg.com/glob/-/glob-5.0.15.tgz#1bc936b9e02f4a603fcc222ecf7633d30b8b93b1"
  dependencies:
    inflight "^1.0.4"
    inherits "2"
    minimatch "2 || 3"
    once "^1.3.0"
    path-is-absolute "^1.0.0"

got@^6.7.1:
  version "6.7.1"
  resolved "https://registry.yarnpkg.com/got/-/got-6.7.1.tgz#240cd05785a9a18e561dc1b44b41c763ef1e8db0"
  dependencies:
    create-error-class "^3.0.0"
    duplexer3 "^0.1.4"
    get-stream "^3.0.0"
    is-redirect "^1.0.0"
    is-retry-allowed "^1.0.0"
    is-stream "^1.0.0"
    lowercase-keys "^1.0.0"
    safe-buffer "^5.0.1"
    timed-out "^4.0.0"
    unzip-response "^2.0.1"
    url-parse-lax "^1.0.0"

graceful-fs@^4.1.11, graceful-fs@^4.1.2:
  version "4.1.11"
  resolved "https://registry.yarnpkg.com/graceful-fs/-/graceful-fs-4.1.11.tgz#0e8bdfe4d1ddb8854d64e04ea7c00e2a026e5658"

"graceful-readlink@>= 1.0.0":
  version "1.0.1"
  resolved "https://registry.yarnpkg.com/graceful-readlink/-/graceful-readlink-1.0.1.tgz#4cafad76bc62f02fa039b2f94e9a3dd3a391a725"

has-ansi@^2.0.0:
  version "2.0.0"
  resolved "https://registry.yarnpkg.com/has-ansi/-/has-ansi-2.0.0.tgz#34f5049ce1ecdf2b0649af3ef24e45ed35416d91"
  dependencies:
    ansi-regex "^2.0.0"

he@1.1.x:
  version "1.1.1"
  resolved "https://registry.yarnpkg.com/he/-/he-1.1.1.tgz#93410fd21b009735151f8868c2f271f3427e23fd"

html-minifier@3.5.2:
  version "3.5.2"
  resolved "https://registry.yarnpkg.com/html-minifier/-/html-minifier-3.5.2.tgz#d73bc3ff448942408818ce609bf3fb0ea7ef4eb7"
  dependencies:
    camel-case "3.0.x"
    clean-css "4.1.x"
    commander "2.9.x"
    he "1.1.x"
    ncname "1.0.x"
    param-case "2.1.x"
    relateurl "0.2.x"
    uglify-js "3.0.x"

import-lazy@^2.1.0:
  version "2.1.0"
  resolved "https://registry.yarnpkg.com/import-lazy/-/import-lazy-2.1.0.tgz#05698e3d45c88e8d7e9d92cb0584e77f096f3e43"

imurmurhash@^0.1.4:
  version "0.1.4"
  resolved "https://registry.yarnpkg.com/imurmurhash/-/imurmurhash-0.1.4.tgz#9218b9b2b928a238b13dc4fb6b6d576f231453ea"

inflight@^1.0.4:
  version "1.0.6"
  resolved "https://registry.yarnpkg.com/inflight/-/inflight-1.0.6.tgz#49bd6331d7d02d0c09bc910a1075ba8165b56df9"
  dependencies:
    once "^1.3.0"
    wrappy "1"

inherits@2:
  version "2.0.3"
  resolved "https://registry.yarnpkg.com/inherits/-/inherits-2.0.3.tgz#633c2c83e3da42a502f52466022480f4208261de"

ini@~1.3.0:
  version "1.3.4"
  resolved "https://registry.yarnpkg.com/ini/-/ini-1.3.4.tgz#0537cb79daf59b59a1a517dff706c86ec039162e"

is-fullwidth-code-point@^1.0.0:
  version "1.0.0"
  resolved "https://registry.yarnpkg.com/is-fullwidth-code-point/-/is-fullwidth-code-point-1.0.0.tgz#ef9e31386f031a7f0d643af82fde50c457ef00cb"
  dependencies:
    number-is-nan "^1.0.0"

is-fullwidth-code-point@^2.0.0:
  version "2.0.0"
  resolved "https://registry.yarnpkg.com/is-fullwidth-code-point/-/is-fullwidth-code-point-2.0.0.tgz#a3b30a5c4f199183167aaab93beefae3ddfb654f"

is-npm@^1.0.0:
  version "1.0.0"
  resolved "https://registry.yarnpkg.com/is-npm/-/is-npm-1.0.0.tgz#f2fb63a65e4905b406c86072765a1a4dc793b9f4"

is-obj@^1.0.0:
  version "1.0.1"
  resolved "https://registry.yarnpkg.com/is-obj/-/is-obj-1.0.1.tgz#3e4729ac1f5fde025cd7d83a896dab9f4f67db0f"

is-redirect@^1.0.0:
  version "1.0.0"
  resolved "https://registry.yarnpkg.com/is-redirect/-/is-redirect-1.0.0.tgz#1d03dded53bd8db0f30c26e4f95d36fc7c87dc24"

is-retry-allowed@^1.0.0:
  version "1.1.0"
  resolved "https://registry.yarnpkg.com/is-retry-allowed/-/is-retry-allowed-1.1.0.tgz#11a060568b67339444033d0125a61a20d564fb34"

is-stream@^1.0.0, is-stream@^1.1.0:
  version "1.1.0"
  resolved "https://registry.yarnpkg.com/is-stream/-/is-stream-1.1.0.tgz#12d4a3dd4e68e0b79ceb8dbc84173ae80d91ca44"

isexe@^2.0.0:
  version "2.0.0"
  resolved "https://registry.yarnpkg.com/isexe/-/isexe-2.0.0.tgz#e8fbf374dc556ff8947a10dcb0572d633f2cfa10"

js-tokens@^3.0.0:
  version "3.0.1"
  resolved "https://registry.yarnpkg.com/js-tokens/-/js-tokens-3.0.1.tgz#08e9f132484a2c45a30907e9dc4d5567b7f114d7"

js-yaml@3.8.4:
  version "3.8.4"
  resolved "https://registry.yarnpkg.com/js-yaml/-/js-yaml-3.8.4.tgz#520b4564f86573ba96662af85a8cafa7b4b5a6f6"
  dependencies:
    argparse "^1.0.7"
    esprima "^3.1.1"

latest-version@^3.0.0:
  version "3.1.0"
  resolved "https://registry.yarnpkg.com/latest-version/-/latest-version-3.1.0.tgz#a205383fea322b33b5ae3b18abee0dc2f356ee15"
  dependencies:
    package-json "^4.0.0"

lower-case@^1.1.1:
  version "1.1.4"
  resolved "https://registry.yarnpkg.com/lower-case/-/lower-case-1.1.4.tgz#9a2cabd1b9e8e0ae993a4bf7d5875c39c42e8eac"

lowercase-keys@^1.0.0:
  version "1.0.0"
  resolved "https://registry.yarnpkg.com/lowercase-keys/-/lowercase-keys-1.0.0.tgz#4e3366b39e7f5457e35f1324bdf6f88d0bfc7306"

lru-cache@^4.0.0:
  version "4.1.1"
  resolved "https://registry.yarnpkg.com/lru-cache/-/lru-cache-4.1.1.tgz#622e32e82488b49279114a4f9ecf45e7cd6bba55"
  dependencies:
    pseudomap "^1.0.2"
    yallist "^2.1.2"

make-dir@^1.0.0:
  version "1.0.0"
  resolved "https://registry.yarnpkg.com/make-dir/-/make-dir-1.0.0.tgz#97a011751e91dd87cfadef58832ebb04936de978"
  dependencies:
    pify "^2.3.0"

make-error@^1.1.1:
  version "1.3.0"
  resolved "https://registry.yarnpkg.com/make-error/-/make-error-1.3.0.tgz#52ad3a339ccf10ce62b4040b708fe707244b8b96"

"minimatch@2 || 3", minimatch@^3.0.4:
  version "3.0.4"
  resolved "https://registry.yarnpkg.com/minimatch/-/minimatch-3.0.4.tgz#5166e286457f03306064be5497e8dbb0c3d32083"
  dependencies:
    brace-expansion "^1.1.7"

minimist@0.0.8, minimist@~0.0.1:
  version "0.0.8"
  resolved "https://registry.yarnpkg.com/minimist/-/minimist-0.0.8.tgz#857fcabfc3397d2625b8228262e86aa7a011b05d"

minimist@^1.2.0:
  version "1.2.0"
  resolved "https://registry.yarnpkg.com/minimist/-/minimist-1.2.0.tgz#a35008b20f41383eec1fb914f4cd5df79a264284"

mkdirp@^0.5.1:
  version "0.5.1"
  resolved "https://registry.yarnpkg.com/mkdirp/-/mkdirp-0.5.1.tgz#30057438eac6cf7f8c4767f38648d6697d75c903"
  dependencies:
    minimist "0.0.8"

ncname@1.0.x:
  version "1.0.0"
  resolved "https://registry.yarnpkg.com/ncname/-/ncname-1.0.0.tgz#5b57ad18b1ca092864ef62b0b1ed8194f383b71c"
  dependencies:
    xml-char-classes "^1.0.0"

no-case@^2.2.0:
  version "2.3.1"
  resolved "https://registry.yarnpkg.com/no-case/-/no-case-2.3.1.tgz#7aeba1c73a52184265554b7dc03baf720df80081"
  dependencies:
    lower-case "^1.1.1"

npm-run-path@^1.0.0:
  version "1.0.0"
  resolved "https://registry.yarnpkg.com/npm-run-path/-/npm-run-path-1.0.0.tgz#f5c32bf595fe81ae927daec52e82f8b000ac3c8f"
  dependencies:
    path-key "^1.0.0"

number-is-nan@^1.0.0:
  version "1.0.1"
  resolved "https://registry.yarnpkg.com/number-is-nan/-/number-is-nan-1.0.1.tgz#097b602b53422a522c1afb8790318336941a011d"

object-assign@^4.0.1:
  version "4.1.1"
  resolved "https://registry.yarnpkg.com/object-assign/-/object-assign-4.1.1.tgz#2109adc7965887cfc05cbbd442cac8bfbb360863"

once@^1.3.0:
  version "1.4.0"
  resolved "https://registry.yarnpkg.com/once/-/once-1.4.0.tgz#583b1aa775961d4b113ac17d9c50baef9dd76bd1"
  dependencies:
    wrappy "1"

optimist@~0.6.0:
  version "0.6.1"
  resolved "https://registry.yarnpkg.com/optimist/-/optimist-0.6.1.tgz#da3ea74686fa21a19a111c326e90eb15a0196686"
  dependencies:
    minimist "~0.0.1"
    wordwrap "~0.0.2"

package-json@^4.0.0:
  version "4.0.1"
  resolved "https://registry.yarnpkg.com/package-json/-/package-json-4.0.1.tgz#8869a0401253661c4c4ca3da6c2121ed555f5eed"
  dependencies:
    got "^6.7.1"
    registry-auth-token "^3.0.1"
    registry-url "^3.0.3"
    semver "^5.1.0"

param-case@2.1.x:
  version "2.1.1"
  resolved "https://registry.yarnpkg.com/param-case/-/param-case-2.1.1.tgz#df94fd8cf6531ecf75e6bef9a0858fbc72be2247"
  dependencies:
    no-case "^2.2.0"

parse5@^3.0.1:
  version "3.0.2"
  resolved "https://registry.yarnpkg.com/parse5/-/parse5-3.0.2.tgz#05eff57f0ef4577fb144a79f8b9a967a6cc44510"
  dependencies:
    "@types/node" "^6.0.46"

path-is-absolute@^1.0.0:
  version "1.0.1"
  resolved "https://registry.yarnpkg.com/path-is-absolute/-/path-is-absolute-1.0.1.tgz#174b9268735534ffbc7ace6bf53a5a9e1b5c5f5f"

path-key@^1.0.0:
  version "1.0.0"
  resolved "https://registry.yarnpkg.com/path-key/-/path-key-1.0.0.tgz#5d53d578019646c0d68800db4e146e6bdc2ac7af"

path-parse@^1.0.5:
  version "1.0.5"
  resolved "https://registry.yarnpkg.com/path-parse/-/path-parse-1.0.5.tgz#3c1adf871ea9cd6c9431b6ea2bd74a0ff055c4c1"

pify@^2.3.0:
  version "2.3.0"
  resolved "https://registry.yarnpkg.com/pify/-/pify-2.3.0.tgz#ed141a6ac043a849ea588498e7dca8b15330e90c"

prepend-http@^1.0.1:
  version "1.0.4"
  resolved "https://registry.yarnpkg.com/prepend-http/-/prepend-http-1.0.4.tgz#d4f4562b0ce3696e41ac52d0e002e57a635dc6dc"

pseudomap@^1.0.2:
  version "1.0.2"
  resolved "https://registry.yarnpkg.com/pseudomap/-/pseudomap-1.0.2.tgz#f052a28da70e618917ef0a8ac34c1ae5a68286b3"

rc@^1.0.1, rc@^1.1.6:
  version "1.2.1"
  resolved "https://registry.yarnpkg.com/rc/-/rc-1.2.1.tgz#2e03e8e42ee450b8cb3dce65be1bf8974e1dfd95"
  dependencies:
    deep-extend "~0.4.0"
    ini "~1.3.0"
    minimist "^1.2.0"
    strip-json-comments "~2.0.1"

reflect-metadata@0.1.10:
  version "0.1.10"
  resolved "https://registry.yarnpkg.com/reflect-metadata/-/reflect-metadata-0.1.10.tgz#b4f83704416acad89988c9b15635d47e03b9344a"

registry-auth-token@^3.0.1:
  version "3.3.1"
  resolved "https://registry.yarnpkg.com/registry-auth-token/-/registry-auth-token-3.3.1.tgz#fb0d3289ee0d9ada2cbb52af5dfe66cb070d3006"
  dependencies:
    rc "^1.1.6"
    safe-buffer "^5.0.1"

registry-url@^3.0.3:
  version "3.1.0"
  resolved "https://registry.yarnpkg.com/registry-url/-/registry-url-3.1.0.tgz#3d4ef870f73dde1d77f0cf9a381432444e174942"
  dependencies:
    rc "^1.0.1"

relateurl@0.2.x:
  version "0.2.7"
  resolved "https://registry.yarnpkg.com/relateurl/-/relateurl-0.2.7.tgz#54dbf377e51440aca90a4cd274600d3ff2d888a9"

resolve@^1.1.7:
  version "1.3.3"
  resolved "https://registry.yarnpkg.com/resolve/-/resolve-1.3.3.tgz#655907c3469a8680dc2de3a275a8fdd69691f0e5"
  dependencies:
    path-parse "^1.0.5"

rimraf@2.6.1:
  version "2.6.1"
  resolved "https://registry.yarnpkg.com/rimraf/-/rimraf-2.6.1.tgz#c2338ec643df7a1b7fe5c54fa86f57428a55f33d"
  dependencies:
    glob "^7.0.5"

rxjs@5.4.1:
  version "5.4.1"
  resolved "https://registry.yarnpkg.com/rxjs/-/rxjs-5.4.1.tgz#b62f757f279445d265a18a58fb0a70dc90e91626"
  dependencies:
    symbol-observable "^1.0.1"

safe-buffer@^5.0.1:
  version "5.1.1"
  resolved "https://registry.yarnpkg.com/safe-buffer/-/safe-buffer-5.1.1.tgz#893312af69b2123def71f57889001671eeb2c853"

semver-diff@^2.0.0:
  version "2.1.0"
  resolved "https://registry.yarnpkg.com/semver-diff/-/semver-diff-2.1.0.tgz#4bbb8437c8d37e4b0cf1a68fd726ec6d645d6d36"
  dependencies:
    semver "^5.0.3"

semver@^5.0.3, semver@^5.1.0:
  version "5.3.0"
  resolved "https://registry.yarnpkg.com/semver/-/semver-5.3.0.tgz#9b2ce5d3de02d17c6012ad326aa6b4d0cf54f94f"

slide@^1.1.5:
  version "1.1.6"
  resolved "https://registry.yarnpkg.com/slide/-/slide-1.1.6.tgz#56eb027d65b4d2dce6cb2e2d32c4d4afc9e1d707"

source-map-support@^0.4.0:
  version "0.4.15"
  resolved "https://registry.yarnpkg.com/source-map-support/-/source-map-support-0.4.15.tgz#03202df65c06d2bd8c7ec2362a193056fef8d3b1"
  dependencies:
    source-map "^0.5.6"

source-map@0.5.x, source-map@^0.5.6, source-map@~0.5.1:
  version "0.5.6"
  resolved "https://registry.yarnpkg.com/source-map/-/source-map-0.5.6.tgz#75ce38f52bf0733c5a7f0c118d81334a2bb5f412"

sprintf-js@~1.0.2:
  version "1.0.3"
  resolved "https://registry.yarnpkg.com/sprintf-js/-/sprintf-js-1.0.3.tgz#04e6926f662895354f3dd015203633b857297e2c"

string-width@^1.0.1:
  version "1.0.2"
  resolved "https://registry.yarnpkg.com/string-width/-/string-width-1.0.2.tgz#118bdf5b8cdc51a2a7e70d211e07e2b0b9b107d3"
  dependencies:
    code-point-at "^1.0.0"
    is-fullwidth-code-point "^1.0.0"
    strip-ansi "^3.0.0"

string-width@^2.0.0:
  version "2.0.0"
  resolved "https://registry.yarnpkg.com/string-width/-/string-width-2.0.0.tgz#635c5436cc72a6e0c387ceca278d4e2eec52687e"
  dependencies:
    is-fullwidth-code-point "^2.0.0"
    strip-ansi "^3.0.0"

strip-ansi@^3.0.0:
  version "3.0.1"
  resolved "https://registry.yarnpkg.com/strip-ansi/-/strip-ansi-3.0.1.tgz#6a385fb8853d952d5ff05d0e8aaf94278dc63dcf"
  dependencies:
    ansi-regex "^2.0.0"

strip-bom@^3.0.0:
  version "3.0.0"
  resolved "https://registry.yarnpkg.com/strip-bom/-/strip-bom-3.0.0.tgz#2334c18e9c759f7bdd56fdef7e9ae3d588e68ed3"

strip-eof@^1.0.0:
  version "1.0.0"
  resolved "https://registry.yarnpkg.com/strip-eof/-/strip-eof-1.0.0.tgz#bb43ff5598a6eb05d89b59fcd129c983313606bf"

strip-json-comments@^2.0.0, strip-json-comments@~2.0.1:
  version "2.0.1"
  resolved "https://registry.yarnpkg.com/strip-json-comments/-/strip-json-comments-2.0.1.tgz#3c531942e908c2697c0ec344858c286c7ca0a60a"

supports-color@^2.0.0:
  version "2.0.0"
  resolved "https://registry.yarnpkg.com/supports-color/-/supports-color-2.0.0.tgz#535d045ce6b6363fa40117084629995e9df324c7"

symbol-observable@^1.0.1:
  version "1.0.4"
  resolved "https://registry.yarnpkg.com/symbol-observable/-/symbol-observable-1.0.4.tgz#29bf615d4aa7121bdd898b22d4b3f9bc4e2aa03d"

term-size@^0.1.0:
  version "0.1.1"
  resolved "https://registry.yarnpkg.com/term-size/-/term-size-0.1.1.tgz#87360b96396cab5760963714cda0d0cbeecad9ca"
  dependencies:
    execa "^0.4.0"

timed-out@^4.0.0:
  version "4.0.1"
  resolved "https://registry.yarnpkg.com/timed-out/-/timed-out-4.0.1.tgz#f32eacac5a175bea25d7fab565ab3ed8741ef56f"

ts-node@3.1.0:
  version "3.1.0"
  resolved "https://registry.yarnpkg.com/ts-node/-/ts-node-3.1.0.tgz#a75ec5aeb48f3058b1b945dba765f1150ba88f8c"
  dependencies:
    arrify "^1.0.0"
    chalk "^1.1.1"
    diff "^3.1.0"
    make-error "^1.1.1"
    minimist "^1.2.0"
    mkdirp "^0.5.1"
    source-map-support "^0.4.0"
    tsconfig "^6.0.0"
    v8flags "^2.0.11"
    yn "^2.0.0"

tsconfig@^6.0.0:
  version "6.0.0"
  resolved "https://registry.yarnpkg.com/tsconfig/-/tsconfig-6.0.0.tgz#6b0e8376003d7af1864f8df8f89dd0059ffcd032"
  dependencies:
    strip-bom "^3.0.0"
    strip-json-comments "^2.0.0"

tslib@^1.7.1:
  version "1.7.1"
  resolved "https://registry.yarnpkg.com/tslib/-/tslib-1.7.1.tgz#bc8004164691923a79fe8378bbeb3da2017538ec"

tslint@4.5.1:
  version "4.5.1"
  resolved "https://registry.yarnpkg.com/tslint/-/tslint-4.5.1.tgz#05356871bef23a434906734006fc188336ba824b"
  dependencies:
    babel-code-frame "^6.20.0"
    colors "^1.1.2"
    diff "^3.0.1"
    findup-sync "~0.3.0"
    glob "^7.1.1"
    optimist "~0.6.0"
    resolve "^1.1.7"
    tsutils "^1.1.0"
    update-notifier "^2.0.0"

tsutils@^1.1.0:
  version "1.9.1"
  resolved "https://registry.yarnpkg.com/tsutils/-/tsutils-1.9.1.tgz#b9f9ab44e55af9681831d5f28d0aeeaf5c750cb0"

typescript@2.3.4:
  version "2.3.4"
  resolved "https://registry.yarnpkg.com/typescript/-/typescript-2.3.4.tgz#3d38321828231e434f287514959c37a82b629f42"

uglify-js@3.0.x:
  version "3.0.19"
  resolved "https://registry.yarnpkg.com/uglify-js/-/uglify-js-3.0.19.tgz#ab1dfe2a171361b81fa9ffb3383461ea384557ed"
  dependencies:
    commander "~2.9.0"
    source-map "~0.5.1"

unique-string@^1.0.0:
  version "1.0.0"
  resolved "https://registry.yarnpkg.com/unique-string/-/unique-string-1.0.0.tgz#9e1057cca851abb93398f8b33ae187b99caec11a"
  dependencies:
    crypto-random-string "^1.0.0"

unzip-response@^2.0.1:
  version "2.0.1"
  resolved "https://registry.yarnpkg.com/unzip-response/-/unzip-response-2.0.1.tgz#d2f0f737d16b0615e72a6935ed04214572d56f97"

update-notifier@^2.0.0:
  version "2.2.0"
  resolved "https://registry.yarnpkg.com/update-notifier/-/update-notifier-2.2.0.tgz#1b5837cf90c0736d88627732b661c138f86de72f"
  dependencies:
    boxen "^1.0.0"
    chalk "^1.0.0"
    configstore "^3.0.0"
    import-lazy "^2.1.0"
    is-npm "^1.0.0"
    latest-version "^3.0.0"
    semver-diff "^2.0.0"
    xdg-basedir "^3.0.0"

upper-case@^1.1.1:
  version "1.1.3"
  resolved "https://registry.yarnpkg.com/upper-case/-/upper-case-1.1.3.tgz#f6b4501c2ec4cdd26ba78be7222961de77621598"

url-parse-lax@^1.0.0:
  version "1.0.0"
  resolved "https://registry.yarnpkg.com/url-parse-lax/-/url-parse-lax-1.0.0.tgz#7af8f303645e9bd79a272e7a14ac68bc0609da73"
  dependencies:
    prepend-http "^1.0.1"

user-home@^1.1.1:
  version "1.1.1"
  resolved "https://registry.yarnpkg.com/user-home/-/user-home-1.1.1.tgz#2b5be23a32b63a7c9deb8d0f28d485724a3df190"

v8flags@^2.0.11:
  version "2.1.1"
  resolved "https://registry.yarnpkg.com/v8flags/-/v8flags-2.1.1.tgz#aab1a1fa30d45f88dd321148875ac02c0b55e5b4"
  dependencies:
    user-home "^1.1.1"

which@^1.2.8:
  version "1.2.14"
  resolved "https://registry.yarnpkg.com/which/-/which-1.2.14.tgz#9a87c4378f03e827cecaf1acdf56c736c01c14e5"
  dependencies:
    isexe "^2.0.0"

widest-line@^1.0.0:
  version "1.0.0"
  resolved "https://registry.yarnpkg.com/widest-line/-/widest-line-1.0.0.tgz#0c09c85c2a94683d0d7eaf8ee097d564bf0e105c"
  dependencies:
    string-width "^1.0.1"

wordwrap@~0.0.2:
  version "0.0.3"
  resolved "https://registry.yarnpkg.com/wordwrap/-/wordwrap-0.0.3.tgz#a3d5da6cd5c0bc0008d37234bbaf1bed63059107"

wrappy@1:
  version "1.0.2"
  resolved "https://registry.yarnpkg.com/wrappy/-/wrappy-1.0.2.tgz#b5243d8f3ec1aa35f1364605bc0d1036e30ab69f"

write-file-atomic@^2.0.0:
  version "2.1.0"
  resolved "https://registry.yarnpkg.com/write-file-atomic/-/write-file-atomic-2.1.0.tgz#1769f4b551eedce419f0505deae2e26763542d37"
  dependencies:
    graceful-fs "^4.1.11"
    imurmurhash "^0.1.4"
    slide "^1.1.5"

xdg-basedir@^3.0.0:
  version "3.0.0"
  resolved "https://registry.yarnpkg.com/xdg-basedir/-/xdg-basedir-3.0.0.tgz#496b2cc109eca8dbacfe2dc72b603c17c5870ad4"

xhr2@^0.1.4:
  version "0.1.4"
  resolved "https://registry.yarnpkg.com/xhr2/-/xhr2-0.1.4.tgz#7f87658847716db5026323812f818cadab387a5f"

xml-char-classes@^1.0.0:
  version "1.0.0"
  resolved "https://registry.yarnpkg.com/xml-char-classes/-/xml-char-classes-1.0.0.tgz#64657848a20ffc5df583a42ad8a277b4512bbc4d"

yallist@^2.1.2:
  version "2.1.2"
  resolved "https://registry.yarnpkg.com/yallist/-/yallist-2.1.2.tgz#1c11f9218f076089a47dd512f93c6699a6a81d52"

yn@^2.0.0:
  version "2.0.0"
  resolved "https://registry.yarnpkg.com/yn/-/yn-2.0.0.tgz#e5adabc8acf408f6385fc76495684c88e6af689a"

zone.js@0.8.12:
  version "0.8.12"
  resolved "https://registry.yarnpkg.com/zone.js/-/zone.js-0.8.12.tgz#86ff5053c98aec291a0bf4bbac501d694a05cfbb"
